
Microsoft Visual Studio Solution File, Format Version 11.00
# Visual Studio 2010
Project("{FAE04EC0-301F-11D3-BF4B-00C04F79EFBC}") = "TaskManagerService", "TaskManagerService\TaskManagerService.csproj", "{1968438B-0C19-4082-A09A-7AE45A5E9135}"
EndProject
Project("{FAE04EC0-301F-11D3-BF4B-00C04F79EFBC}") = "TestTasks", "TestTasks\TestTasks.csproj", "{5EDFB167-217C-4A62-88AE-A8082DF51A51}"
EndProject
Project("{E24C65DC-7377-472B-9ABA-BC803B73C61A}") = "TestWebsite", "TestWebsite\", "{437E1735-6064-4792-9307-49B98F7899AD}"
	ProjectSection(WebsiteProperties) = preProject
		TargetFrameworkMoniker = ".NETFramework,Version%3Dv3.5"
		Debug.AspNetCompiler.VirtualPath = "/TestWebsite"
		Debug.AspNetCompiler.PhysicalPath = "TestWebsite\"
		Debug.AspNetCompiler.TargetPath = "PrecompiledWeb\TestWebsite\"
		Debug.AspNetCompiler.Updateable = "true"
		Debug.AspNetCompiler.ForceOverwrite = "true"
		Debug.AspNetCompiler.FixedNames = "false"
		Debug.AspNetCompiler.Debug = "True"
		Release.AspNetCompiler.VirtualPath = "/TestWebsite"
		Release.AspNetCompiler.PhysicalPath = "TestWebsite\"
		Release.AspNetCompiler.TargetPath = "PrecompiledWeb\TestWebsite\"
		Release.AspNetCompiler.Updateable = "true"
		Release.AspNetCompiler.ForceOverwrite = "true"
		Release.AspNetCompiler.FixedNames = "false"
		Release.AspNetCompiler.Debug = "False"
		VWDPort = "55499"
		DefaultWebSiteLanguage = "Visual C#"
	EndProjectSection
EndProject
Global
	GlobalSection(SolutionConfigurationPlatforms) = preSolution
		Debug|Any CPU = Debug|Any CPU
		Release|Any CPU = Release|Any CPU
	EndGlobalSection
	GlobalSection(ProjectConfigurationPlatforms) = postSolution
		{1968438B-0C19-4082-A09A-7AE45A5E9135}.Debug|Any CPU.ActiveCfg = Debug|Any CPU
		{1968438B-0C19-4082-A09A-7AE45A5E9135}.Debug|Any CPU.Build.0 = Debug|Any CPU
		{1968438B-0C19-4082-A09A-7AE45A5E9135}.Release|Any CPU.ActiveCfg = Release|Any CPU
		{1968438B-0C19-4082-A09A-7AE45A5E9135}.Release|Any CPU.Build.0 = Release|Any CPU
		{5EDFB167-217C-4A62-88AE-A8082DF51A51}.Debug|Any CPU.ActiveCfg = Debug|Any CPU
		{5EDFB167-217C-4A62-88AE-A8082DF51A51}.Debug|Any CPU.Build.0 = Debug|Any CPU
		{5EDFB167-217C-4A62-88AE-A8082DF51A51}.Release|Any CPU.ActiveCfg = Release|Any CPU
		{5EDFB167-217C-4A62-88AE-A8082DF51A51}.Release|Any CPU.Build.0 = Release|Any CPU
		{437E1735-6064-4792-9307-49B98F7899AD}.Debug|Any CPU.ActiveCfg = Debug|Any CPU
		{437E1735-6064-4792-9307-49B98F7899AD}.Debug|Any CPU.Build.0 = Debug|Any CPU
		{437E1735-6064-4792-9307-49B98F7899AD}.Release|Any CPU.ActiveCfg = Debug|Any CPU
		{437E1735-6064-4792-9307-49B98F7899AD}.Release|Any CPU.Build.0 = Debug|Any CPU
	EndGlobalSection
	GlobalSection(SolutionProperties) = preSolution
		HideSolutionNode = FALSE
	EndGlobalSection
EndGlobal
